{
  "version": 4,
  "terraform_version": "1.10.5",
  "serial": 91,
  "lineage": "69dd96ca-04aa-f235-c8bc-4955eedda4e7",
  "outputs": {},
  "resources": [
    {
      "mode": "managed",
      "type": "github_branch",
      "name": "development",
      "provider": "provider[\"registry.terraform.io/integrations/github\"]",
      "instances": [
        {
          "schema_version": 0,
          "attributes": {
            "branch": "development",
            "etag": "W/\"a995bd3a304ba6d0738fcba6c1dd1ece26e082871d8a42b3976a1698713258bd\"",
            "id": "Lab_Tf:development",
            "ref": "refs/heads/development",
            "repository": "Lab_Tf",
            "sha": "ff29b1fd56ba9a05a106f8db24f4bf2f30577e39",
            "source_branch": "main",
            "source_sha": "ff29b1fd56ba9a05a106f8db24f4bf2f30577e39"
          },
          "sensitive_attributes": [],
          "private": "bnVsbA==",
          "dependencies": [
            "github_repository.Lab_Tf"
          ]
        }
      ]
    },
    {
      "mode": "managed",
      "type": "github_branch",
      "name": "playground",
      "provider": "provider[\"registry.terraform.io/integrations/github\"]",
      "instances": [
        {
          "schema_version": 0,
          "attributes": {
            "branch": "playground",
            "etag": "W/\"e5668f3686bf221d364d79154fec046cb65e93560831fc54ab377856a2751ebe\"",
            "id": "Lab_Tf:playground",
            "ref": "refs/heads/playground",
            "repository": "Lab_Tf",
            "sha": "ff29b1fd56ba9a05a106f8db24f4bf2f30577e39",
            "source_branch": "main",
            "source_sha": "ff29b1fd56ba9a05a106f8db24f4bf2f30577e39"
          },
          "sensitive_attributes": [],
          "private": "bnVsbA==",
          "dependencies": [
            "github_repository.Lab_Tf"
          ]
        }
      ]
    },
    {
      "mode": "managed",
      "type": "github_branch",
      "name": "testing",
      "provider": "provider[\"registry.terraform.io/integrations/github\"]",
      "instances": [
        {
          "schema_version": 0,
          "attributes": {
            "branch": "testing",
            "etag": "W/\"06b5006003b4cb437ac39a42d66aeb3150fd33782a48ba4620ac6f0026804376\"",
            "id": "Lab_Tf:testing",
            "ref": "refs/heads/testing",
            "repository": "Lab_Tf",
            "sha": "ff29b1fd56ba9a05a106f8db24f4bf2f30577e39",
            "source_branch": "main",
            "source_sha": "ff29b1fd56ba9a05a106f8db24f4bf2f30577e39"
          },
          "sensitive_attributes": [],
          "private": "bnVsbA==",
          "dependencies": [
            "github_repository.Lab_Tf"
          ]
        }
      ]
    },
    {
      "mode": "managed",
      "type": "github_repository",
      "name": "Lab_Tf",
      "provider": "provider[\"registry.terraform.io/integrations/github\"]",
      "instances": [
        {
          "schema_version": 1,
          "attributes": {
            "allow_auto_merge": false,
            "allow_merge_commit": true,
            "allow_rebase_merge": true,
            "allow_squash_merge": true,
            "allow_update_branch": false,
            "archive_on_destroy": null,
            "archived": false,
            "auto_init": true,
            "default_branch": "main",
            "delete_branch_on_merge": false,
            "description": "My awesome codebase",
            "etag": "W/\"092ae5b55f68833ab4fd6e5c8cdcb8233ca0b4092448f8a6e95c09c3afc84c28\"",
            "full_name": "jmorenohj/Lab_Tf",
            "git_clone_url": "git://github.com/jmorenohj/Lab_Tf.git",
            "gitignore_template": null,
            "has_discussions": false,
            "has_downloads": false,
            "has_issues": false,
            "has_projects": false,
            "has_wiki": false,
            "homepage_url": "",
            "html_url": "https://github.com/jmorenohj/Lab_Tf",
            "http_clone_url": "https://github.com/jmorenohj/Lab_Tf.git",
            "id": "Lab_Tf",
            "ignore_vulnerability_alerts_during_read": null,
            "is_template": false,
            "license_template": null,
            "merge_commit_message": "PR_TITLE",
            "merge_commit_title": "MERGE_MESSAGE",
            "name": "Lab_Tf",
            "node_id": "R_kgDON8wd9A",
            "pages": [],
            "primary_language": "",
            "private": false,
            "repo_id": 936123892,
            "security_and_analysis": [
              {
                "advanced_security": [],
                "secret_scanning": [
                  {
                    "status": "enabled"
                  }
                ],
                "secret_scanning_push_protection": [
                  {
                    "status": "enabled"
                  }
                ]
              }
            ],
            "squash_merge_commit_message": "COMMIT_MESSAGES",
            "squash_merge_commit_title": "COMMIT_OR_PR_TITLE",
            "ssh_clone_url": "git@github.com:jmorenohj/Lab_Tf.git",
            "svn_url": "https://github.com/jmorenohj/Lab_Tf",
            "template": [],
            "topics": [],
            "visibility": "public",
            "vulnerability_alerts": false,
            "web_commit_signoff_required": false
          },
          "sensitive_attributes": [],
          "private": "eyJzY2hlbWFfdmVyc2lvbiI6IjEifQ=="
        }
      ]
    }
  ],
  "check_results": null
}
