{
  "version": 4,
  "terraform_version": "1.10.5",
  "serial": 96,
  "lineage": "69dd96ca-04aa-f235-c8bc-4955eedda4e7",
  "outputs": {},
  "resources": [
    {
      "mode": "managed",
      "type": "github_branch",
      "name": "development",
      "provider": "provider[\"registry.terraform.io/integrations/github\"]",
      "instances": [
        {
          "schema_version": 0,
          "attributes": {
            "branch": "development",
            "etag": "W/\"4f356d2c741539208fbd31c30857b8300273e970fc7dbbdbd1c71cef96353ff7\"",
            "id": "Lab_Tf:development",
            "ref": "refs/heads/development",
            "repository": "Lab_Tf",
            "sha": "0cd60bee6d5de2285c1a1b329070213fbedd137d",
            "source_branch": "main",
            "source_sha": "0cd60bee6d5de2285c1a1b329070213fbedd137d"
          },
          "sensitive_attributes": [],
          "private": "bnVsbA==",
          "dependencies": [
            "github_repository.Lab_Tf"
          ]
        }
      ]
    },
    {
      "mode": "managed",
      "type": "github_branch",
      "name": "playground",
      "provider": "provider[\"registry.terraform.io/integrations/github\"]",
      "instances": [
        {
          "schema_version": 0,
          "attributes": {
            "branch": "playground",
            "etag": "W/\"8d13b808e9ff982265401a87e554097d0481f24956c056b3b1a92bd37b30350d\"",
            "id": "Lab_Tf:playground",
            "ref": "refs/heads/playground",
            "repository": "Lab_Tf",
            "sha": "0cd60bee6d5de2285c1a1b329070213fbedd137d",
            "source_branch": "main",
            "source_sha": "0cd60bee6d5de2285c1a1b329070213fbedd137d"
          },
          "sensitive_attributes": [],
          "private": "bnVsbA==",
          "dependencies": [
            "github_repository.Lab_Tf"
          ]
        }
      ]
    },
    {
      "mode": "managed",
      "type": "github_branch",
      "name": "testing",
      "provider": "provider[\"registry.terraform.io/integrations/github\"]",
      "instances": [
        {
          "schema_version": 0,
          "attributes": {
            "branch": "testing",
            "etag": "W/\"d649579ba70f645664be09d3e224896c349a8577df3479dea9f8727dff72902b\"",
            "id": "Lab_Tf:testing",
            "ref": "refs/heads/testing",
            "repository": "Lab_Tf",
            "sha": "0cd60bee6d5de2285c1a1b329070213fbedd137d",
            "source_branch": "main",
            "source_sha": "0cd60bee6d5de2285c1a1b329070213fbedd137d"
          },
          "sensitive_attributes": [],
          "private": "bnVsbA==",
          "dependencies": [
            "github_repository.Lab_Tf"
          ]
        }
      ]
    },
    {
      "mode": "managed",
      "type": "github_repository",
      "name": "Lab_Tf",
      "provider": "provider[\"registry.terraform.io/integrations/github\"]",
      "instances": [
        {
          "schema_version": 1,
          "attributes": {
            "allow_auto_merge": false,
            "allow_merge_commit": true,
            "allow_rebase_merge": true,
            "allow_squash_merge": true,
            "allow_update_branch": false,
            "archive_on_destroy": null,
            "archived": false,
            "auto_init": true,
            "default_branch": "main",
            "delete_branch_on_merge": false,
            "description": "My awesome codebase",
            "etag": "W/\"d866e79556380d3ba30dd94f25e89a3aaf8af2152966790a2494a36419801173\"",
            "full_name": "jmorenohj/Lab_Tf",
            "git_clone_url": "git://github.com/jmorenohj/Lab_Tf.git",
            "gitignore_template": null,
            "has_discussions": false,
            "has_downloads": false,
            "has_issues": false,
            "has_projects": false,
            "has_wiki": false,
            "homepage_url": "",
            "html_url": "https://github.com/jmorenohj/Lab_Tf",
            "http_clone_url": "https://github.com/jmorenohj/Lab_Tf.git",
            "id": "Lab_Tf",
            "ignore_vulnerability_alerts_during_read": null,
            "is_template": false,
            "license_template": null,
            "merge_commit_message": "PR_TITLE",
            "merge_commit_title": "MERGE_MESSAGE",
            "name": "Lab_Tf",
            "node_id": "R_kgDON8w0zw",
            "pages": [],
            "primary_language": "",
            "private": false,
            "repo_id": 936129743,
            "security_and_analysis": [
              {
                "advanced_security": [],
                "secret_scanning": [
                  {
                    "status": "enabled"
                  }
                ],
                "secret_scanning_push_protection": [
                  {
                    "status": "enabled"
                  }
                ]
              }
            ],
            "squash_merge_commit_message": "COMMIT_MESSAGES",
            "squash_merge_commit_title": "COMMIT_OR_PR_TITLE",
            "ssh_clone_url": "git@github.com:jmorenohj/Lab_Tf.git",
            "svn_url": "https://github.com/jmorenohj/Lab_Tf",
            "template": [],
            "topics": [],
            "visibility": "public",
            "vulnerability_alerts": false,
            "web_commit_signoff_required": false
          },
          "sensitive_attributes": [],
          "private": "eyJzY2hlbWFfdmVyc2lvbiI6IjEifQ=="
        }
      ]
    }
  ],
  "check_results": null
}
